
Microsoft Visual Studio Solution File, Format Version 12.00
# Visual Studio Version 17
VisualStudioVersion = 17.8.34330.188
MinimumVisualStudioVersion = 10.0.40219.1
Project("{FAE04EC0-301F-11D3-BF4B-00C04F79EFBC}") = "AdventOfCode", "AdventOfCode.csproj", "{8D7020FE-6A70-4E40-A33D-C8D5EFA70552}"
EndProject
Global
	GlobalSection(SolutionConfigurationPlatforms) = preSolution
		Debug|Any CPU = Debug|Any CPU
		Release|Any CPU = Release|Any CPU
	EndGlobalSection
	GlobalSection(ProjectConfigurationPlatforms) = postSolution
		{8D7020FE-6A70-4E40-A33D-C8D5EFA70552}.Debug|Any CPU.ActiveCfg = Debug|Any CPU
		{8D7020FE-6A70-4E40-A33D-C8D5EFA70552}.Debug|Any CPU.Build.0 = Debug|Any CPU
		{8D7020FE-6A70-4E40-A33D-C8D5EFA70552}.Release|Any CPU.ActiveCfg = Release|Any CPU
		{8D7020FE-6A70-4E40-A33D-C8D5EFA70552}.Release|Any CPU.Build.0 = Release|Any CPU
	EndGlobalSection
	GlobalSection(SolutionProperties) = preSolution
		HideSolutionNode = FALSE
	EndGlobalSection
	GlobalSection(ExtensibilityGlobals) = postSolution
		SolutionGuid = {F8BD7744-5C2B-4030-920A-47C7BD9B79F2}
	EndGlobalSection
EndGlobal
